// !$*UTF8*$!
{
	archiveVersion = 1;
	classes = {
	};
	objectVersion = 46;
	objects = {

/* Begin PBXBuildFile section */
		600C15A81F4A9A3E008CA0D0 /* HtmlViewController.swift in Sources */ = {isa = PBXBuildFile; fileRef = 600C15A71F4A9A3E008CA0D0 /* HtmlViewController.swift */; };
		600C15AA1F4A9AE1008CA0D0 /* fileTest.html in Resources */ = {isa = PBXBuildFile; fileRef = 600C15A91F4A9AE1008CA0D0 /* fileTest.html */; };
		600C15AC1F4A9CA9008CA0D0 /* pdfTest.pdf in Resources */ = {isa = PBXBuildFile; fileRef = 600C15AB1F4A9CA9008CA0D0 /* pdfTest.pdf */; };
		600C15AF1F4A9D34008CA0D0 /* pngTest.png in Resources */ = {isa = PBXBuildFile; fileRef = 600C15AE1F4A9D34008CA0D0 /* pngTest.png */; };
		600C15B21F4ABA3A008CA0D0 /* AVKit.framework in Frameworks */ = {isa = PBXBuildFile; fileRef = 600C15B11F4ABA3A008CA0D0 /* AVKit.framework */; };
		600C15B41F4ABA96008CA0D0 /* VideoViewController.swift in Sources */ = {isa = PBXBuildFile; fileRef = 600C15B31F4ABA96008CA0D0 /* VideoViewController.swift */; };
		60871CCB1F441044000B087E /* AppDelegate.swift in Sources */ = {isa = PBXBuildFile; fileRef = 60871CCA1F441044000B087E /* AppDelegate.swift */; };
		60871CCD1F441044000B087E /* ViewController.swift in Sources */ = {isa = PBXBuildFile; fileRef = 60871CCC1F441044000B087E /* ViewController.swift */; };
		60871CD01F441044000B087E /* Main.storyboard in Resources */ = {isa = PBXBuildFile; fileRef = 60871CCE1F441044000B087E /* Main.storyboard */; };
		60871CD21F441044000B087E /* Assets.xcassets in Resources */ = {isa = PBXBuildFile; fileRef = 60871CD11F441044000B087E /* Assets.xcassets */; };
		60871CD51F441044000B087E /* LaunchScreen.storyboard in Resources */ = {isa = PBXBuildFile; fileRef = 60871CD31F441044000B087E /* LaunchScreen.storyboard */; };
		60871CE01F441045000B087E /* testDeepLinkTests.swift in Sources */ = {isa = PBXBuildFile; fileRef = 60871CDF1F441045000B087E /* testDeepLinkTests.swift */; };
		60871CEB1F441045000B087E /* testDeepLinkUITests.swift in Sources */ = {isa = PBXBuildFile; fileRef = 60871CEA1F441045000B087E /* testDeepLinkUITests.swift */; };
		60871CF91F44250D000B087E /* InnerPageViewController.swift in Sources */ = {isa = PBXBuildFile; fileRef = 60871CF81F44250D000B087E /* InnerPageViewController.swift */; };
/* End PBXBuildFile section */

/* Begin PBXContainerItemProxy section */
		60871CDC1F441045000B087E /* PBXContainerItemProxy */ = {
			isa = PBXContainerItemProxy;
			containerPortal = 60871CBF1F441044000B087E /* Project object */;
			proxyType = 1;
			remoteGlobalIDString = 60871CC61F441044000B087E;
			remoteInfo = testDeepLink;
		};
		60871CE71F441045000B087E /* PBXContainerItemProxy */ = {
			isa = PBXContainerItemProxy;
			containerPortal = 60871CBF1F441044000B087E /* Project object */;
			proxyType = 1;
			remoteGlobalIDString = 60871CC61F441044000B087E;
			remoteInfo = testDeepLink;
		};
/* End PBXContainerItemProxy section */

/* Begin PBXFileReference section */
		600C15A71F4A9A3E008CA0D0 /* HtmlViewController.swift */ = {isa = PBXFileReference; fileEncoding = 4; lastKnownFileType = sourcecode.swift; path = HtmlViewController.swift; sourceTree = "<group>"; };
		600C15A91F4A9AE1008CA0D0 /* fileTest.html */ = {isa = PBXFileReference; fileEncoding = 4; lastKnownFileType = text.html; path = fileTest.html; sourceTree = "<group>"; };
		600C15AB1F4A9CA9008CA0D0 /* pdfTest.pdf */ = {isa = PBXFileReference; lastKnownFileType = image.pdf; path = pdfTest.pdf; sourceTree = "<group>"; };
		600C15AE1F4A9D34008CA0D0 /* pngTest.png */ = {isa = PBXFileReference; lastKnownFileType = image.png; path = pngTest.png; sourceTree = "<group>"; };
		600C15B11F4ABA3A008CA0D0 /* AVKit.framework */ = {isa = PBXFileReference; lastKnownFileType = wrapper.framework; name = AVKit.framework; path = System/Library/Frameworks/AVKit.framework; sourceTree = SDKROOT; };
		600C15B31F4ABA96008CA0D0 /* VideoViewController.swift */ = {isa = PBXFileReference; fileEncoding = 4; lastKnownFileType = sourcecode.swift; path = VideoViewController.swift; sourceTree = "<group>"; };
		60871CC71F441044000B087E /* testDeepLink.app */ = {isa = PBXFileReference; explicitFileType = wrapper.application; includeInIndex = 0; path = testDeepLink.app; sourceTree = BUILT_PRODUCTS_DIR; };
		60871CCA1F441044000B087E /* AppDelegate.swift */ = {isa = PBXFileReference; lastKnownFileType = sourcecode.swift; path = AppDelegate.swift; sourceTree = "<group>"; };
		60871CCC1F441044000B087E /* ViewController.swift */ = {isa = PBXFileReference; lastKnownFileType = sourcecode.swift; path = ViewController.swift; sourceTree = "<group>"; };
		60871CCF1F441044000B087E /* Base */ = {isa = PBXFileReference; lastKnownFileType = file.storyboard; name = Base; path = Base.lproj/Main.storyboard; sourceTree = "<group>"; };
		60871CD11F441044000B087E /* Assets.xcassets */ = {isa = PBXFileReference; lastKnownFileType = folder.assetcatalog; path = Assets.xcassets; sourceTree = "<group>"; };
		60871CD41F441044000B087E /* Base */ = {isa = PBXFileReference; lastKnownFileType = file.storyboard; name = Base; path = Base.lproj/LaunchScreen.storyboard; sourceTree = "<group>"; };
		60871CD61F441044000B087E /* Info.plist */ = {isa = PBXFileReference; lastKnownFileType = text.plist.xml; path = Info.plist; sourceTree = "<group>"; };
		60871CDB1F441045000B087E /* testDeepLinkTests.xctest */ = {isa = PBXFileReference; explicitFileType = wrapper.cfbundle; includeInIndex = 0; path = testDeepLinkTests.xctest; sourceTree = BUILT_PRODUCTS_DIR; };
		60871CDF1F441045000B087E /* testDeepLinkTests.swift */ = {isa = PBXFileReference; lastKnownFileType = sourcecode.swift; path = testDeepLinkTests.swift; sourceTree = "<group>"; };
		60871CE11F441045000B087E /* Info.plist */ = {isa = PBXFileReference; lastKnownFileType = text.plist.xml; path = Info.plist; sourceTree = "<group>"; };
		60871CE61F441045000B087E /* testDeepLinkUITests.xctest */ = {isa = PBXFileReference; explicitFileType = wrapper.cfbundle; includeInIndex = 0; path = testDeepLinkUITests.xctest; sourceTree = BUILT_PRODUCTS_DIR; };
		60871CEA1F441045000B087E /* testDeepLinkUITests.swift */ = {isa = PBXFileReference; lastKnownFileType = sourcecode.swift; path = testDeepLinkUITests.swift; sourceTree = "<group>"; };
		60871CEC1F441045000B087E /* Info.plist */ = {isa = PBXFileReference; lastKnownFileType = text.plist.xml; path = Info.plist; sourceTree = "<group>"; };
		60871CF81F44250D000B087E /* InnerPageViewController.swift */ = {isa = PBXFileReference; fileEncoding = 4; lastKnownFileType = sourcecode.swift; path = InnerPageViewController.swift; sourceTree = "<group>"; };
		60CAD6EF1F4AC2B300D1BC6E /* movie.mov */ = {isa = PBXFileReference; lastKnownFileType = video.quicktime; name = movie.mov; path = ../../../../../Downloads/movie.mov; sourceTree = "<group>"; };
/* End PBXFileReference section */

/* Begin PBXFrameworksBuildPhase section */
		60871CC41F441044000B087E /* Frameworks */ = {
			isa = PBXFrameworksBuildPhase;
			buildActionMask = 2147483647;
			files = (
				600C15B21F4ABA3A008CA0D0 /* AVKit.framework in Frameworks */,
			);
			runOnlyForDeploymentPostprocessing = 0;
		};
		60871CD81F441045000B087E /* Frameworks */ = {
			isa = PBXFrameworksBuildPhase;
			buildActionMask = 2147483647;
			files = (
			);
			runOnlyForDeploymentPostprocessing = 0;
		};
		60871CE31F441045000B087E /* Frameworks */ = {
			isa = PBXFrameworksBuildPhase;
			buildActionMask = 2147483647;
			files = (
			);
			runOnlyForDeploymentPostprocessing = 0;
		};
/* End PBXFrameworksBuildPhase section */

/* Begin PBXGroup section */
		600C15B01F4ABA3A008CA0D0 /* Frameworks */ = {
			isa = PBXGroup;
			children = (
				600C15B11F4ABA3A008CA0D0 /* AVKit.framework */,
			);
			name = Frameworks;
			sourceTree = "<group>";
		};
		60871CBE1F441044000B087E = {
			isa = PBXGroup;
			children = (
				60871CC91F441044000B087E /* testDeepLink */,
				60871CDE1F441045000B087E /* testDeepLinkTests */,
				60871CE91F441045000B087E /* testDeepLinkUITests */,
				60871CC81F441044000B087E /* Products */,
				600C15B01F4ABA3A008CA0D0 /* Frameworks */,
			);
			sourceTree = "<group>";
		};
		60871CC81F441044000B087E /* Products */ = {
			isa = PBXGroup;
			children = (
				60871CC71F441044000B087E /* testDeepLink.app */,
				60871CDB1F441045000B087E /* testDeepLinkTests.xctest */,
				60871CE61F441045000B087E /* testDeepLinkUITests.xctest */,
			);
			name = Products;
			sourceTree = "<group>";
		};
		60871CC91F441044000B087E /* testDeepLink */ = {
			isa = PBXGroup;
			children = (
				60CAD6EF1F4AC2B300D1BC6E /* movie.mov */,
				600C15AE1F4A9D34008CA0D0 /* pngTest.png */,
				600C15AB1F4A9CA9008CA0D0 /* pdfTest.pdf */,
				600C15A91F4A9AE1008CA0D0 /* fileTest.html */,
				60871CCA1F441044000B087E /* AppDelegate.swift */,
				60871CCC1F441044000B087E /* ViewController.swift */,
				60871CCE1F441044000B087E /* Main.storyboard */,
				60871CD11F441044000B087E /* Assets.xcassets */,
				60871CD31F441044000B087E /* LaunchScreen.storyboard */,
				60871CD61F441044000B087E /* Info.plist */,
				60871CF81F44250D000B087E /* InnerPageViewController.swift */,
				600C15A71F4A9A3E008CA0D0 /* HtmlViewController.swift */,
				600C15B31F4ABA96008CA0D0 /* VideoViewController.swift */,
			);
			path = testDeepLink;
			sourceTree = "<group>";
		};
		60871CDE1F441045000B087E /* testDeepLinkTests */ = {
			isa = PBXGroup;
			children = (
				60871CDF1F441045000B087E /* testDeepLinkTests.swift */,
				60871CE11F441045000B087E /* Info.plist */,
			);
			path = testDeepLinkTests;
			sourceTree = "<group>";
		};
		60871CE91F441045000B087E /* testDeepLinkUITests */ = {
			isa = PBXGroup;
			children = (
				60871CEA1F441045000B087E /* testDeepLinkUITests.swift */,
				60871CEC1F441045000B087E /* Info.plist */,
			);
			path = testDeepLinkUITests;
			sourceTree = "<group>";
		};
/* End PBXGroup section */

/* Begin PBXNativeTarget section */
		60871CC61F441044000B087E /* testDeepLink */ = {
			isa = PBXNativeTarget;
			buildConfigurationList = 60871CEF1F441045000B087E /* Build configuration list for PBXNativeTarget "testDeepLink" */;
			buildPhases = (
				60871CC31F441044000B087E /* Sources */,
				60871CC41F441044000B087E /* Frameworks */,
				60871CC51F441044000B087E /* Resources */,
			);
			buildRules = (
			);
			dependencies = (
			);
			name = testDeepLink;
			productName = testDeepLink;
			productReference = 60871CC71F441044000B087E /* testDeepLink.app */;
			productType = "com.apple.product-type.application";
		};
		60871CDA1F441045000B087E /* testDeepLinkTests */ = {
			isa = PBXNativeTarget;
			buildConfigurationList = 60871CF21F441045000B087E /* Build configuration list for PBXNativeTarget "testDeepLinkTests" */;
			buildPhases = (
				60871CD71F441045000B087E /* Sources */,
				60871CD81F441045000B087E /* Frameworks */,
				60871CD91F441045000B087E /* Resources */,
			);
			buildRules = (
			);
			dependencies = (
				60871CDD1F441045000B087E /* PBXTargetDependency */,
			);
			name = testDeepLinkTests;
			productName = testDeepLinkTests;
			productReference = 60871CDB1F441045000B087E /* testDeepLinkTests.xctest */;
			productType = "com.apple.product-type.bundle.unit-test";
		};
		60871CE51F441045000B087E /* testDeepLinkUITests */ = {
			isa = PBXNativeTarget;
			buildConfigurationList = 60871CF51F441045000B087E /* Build configuration list for PBXNativeTarget "testDeepLinkUITests" */;
			buildPhases = (
				60871CE21F441045000B087E /* Sources */,
				60871CE31F441045000B087E /* Frameworks */,
				60871CE41F441045000B087E /* Resources */,
			);
			buildRules = (
			);
			dependencies = (
				60871CE81F441045000B087E /* PBXTargetDependency */,
			);
			name = testDeepLinkUITests;
			productName = testDeepLinkUITests;
			productReference = 60871CE61F441045000B087E /* testDeepLinkUITests.xctest */;
			productType = "com.apple.product-type.bundle.ui-testing";
		};
/* End PBXNativeTarget section */

/* Begin PBXProject section */
		60871CBF1F441044000B087E /* Project object */ = {
			isa = PBXProject;
			attributes = {
				LastSwiftUpdateCheck = 0820;
				LastUpgradeCheck = 0820;
				ORGANIZATIONNAME = Oingbong;
				TargetAttributes = {
					60871CC61F441044000B087E = {
						CreatedOnToolsVersion = 8.2.1;
						DevelopmentTeam = 4858738LMT;
						ProvisioningStyle = Automatic;
					};
					60871CDA1F441045000B087E = {
						CreatedOnToolsVersion = 8.2.1;
						DevelopmentTeam = 4858738LMT;
						ProvisioningStyle = Automatic;
						TestTargetID = 60871CC61F441044000B087E;
					};
					60871CE51F441045000B087E = {
						CreatedOnToolsVersion = 8.2.1;
						DevelopmentTeam = 4858738LMT;
						ProvisioningStyle = Automatic;
						TestTargetID = 60871CC61F441044000B087E;
					};
				};
			};
			buildConfigurationList = 60871CC21F441044000B087E /* Build configuration list for PBXProject "testDeepLink" */;
			compatibilityVersion = "Xcode 3.2";
			developmentRegion = English;
			hasScannedForEncodings = 0;
			knownRegions = (
				en,
				Base,
			);
			mainGroup = 60871CBE1F441044000B087E;
			productRefGroup = 60871CC81F441044000B087E /* Products */;
			projectDirPath = "";
			projectRoot = "";
			targets = (
				60871CC61F441044000B087E /* testDeepLink */,
				60871CDA1F441045000B087E /* testDeepLinkTests */,
				60871CE51F441045000B087E /* testDeepLinkUITests */,
			);
		};
/* End PBXProject section */

/* Begin PBXResourcesBuildPhase section */
		60871CC51F441044000B087E /* Resources */ = {
			isa = PBXResourcesBuildPhase;
			buildActionMask = 2147483647;
			files = (
				600C15AA1F4A9AE1008CA0D0 /* fileTest.html in Resources */,
				600C15AF1F4A9D34008CA0D0 /* pngTest.png in Resources */,
				60871CD51F441044000B087E /* LaunchScreen.storyboard in Resources */,
				60871CD21F441044000B087E /* Assets.xcassets in Resources */,
				600C15AC1F4A9CA9008CA0D0 /* pdfTest.pdf in Resources */,
				60871CD01F441044000B087E /* Main.storyboard in Resources */,
			);
			runOnlyForDeploymentPostprocessing = 0;
		};
		60871CD91F441045000B087E /* Resources */ = {
			isa = PBXResourcesBuildPhase;
			buildActionMask = 2147483647;
			files = (
			);
			runOnlyForDeploymentPostprocessing = 0;
		};
		60871CE41F441045000B087E /* Resources */ = {
			isa = PBXResourcesBuildPhase;
			buildActionMask = 2147483647;
			files = (
			);
			runOnlyForDeploymentPostprocessing = 0;
		};
/* End PBXResourcesBuildPhase section */

/* Begin PBXSourcesBuildPhase section */
		60871CC31F441044000B087E /* Sources */ = {
			isa = PBXSourcesBuildPhase;
			buildActionMask = 2147483647;
			files = (
				60871CCD1F441044000B087E /* ViewController.swift in Sources */,
				60871CCB1F441044000B087E /* AppDelegate.swift in Sources */,
				60871CF91F44250D000B087E /* InnerPageViewController.swift in Sources */,
				600C15B41F4ABA96008CA0D0 /* VideoViewController.swift in Sources */,
				600C15A81F4A9A3E008CA0D0 /* HtmlViewController.swift in Sources */,
			);
			runOnlyForDeploymentPostprocessing = 0;
		};
		60871CD71F441045000B087E /* Sources */ = {
			isa = PBXSourcesBuildPhase;
			buildActionMask = 2147483647;
			files = (
				60871CE01F441045000B087E /* testDeepLinkTests.swift in Sources */,
			);
			runOnlyForDeploymentPostprocessing = 0;
		};
		60871CE21F441045000B087E /* Sources */ = {
			isa = PBXSourcesBuildPhase;
			buildActionMask = 2147483647;
			files = (
				60871CEB1F441045000B087E /* testDeepLinkUITests.swift in Sources */,
			);
			runOnlyForDeploymentPostprocessing = 0;
		};
/* End PBXSourcesBuildPhase section */

/* Begin PBXTargetDependency section */
		60871CDD1F441045000B087E /* PBXTargetDependency */ = {
			isa = PBXTargetDependency;
			target = 60871CC61F441044000B087E /* testDeepLink */;
			targetProxy = 60871CDC1F441045000B087E /* PBXContainerItemProxy */;
		};
		60871CE81F441045000B087E /* PBXTargetDependency */ = {
			isa = PBXTargetDependency;
			target = 60871CC61F441044000B087E /* testDeepLink */;
			targetProxy = 60871CE71F441045000B087E /* PBXContainerItemProxy */;
		};
/* End PBXTargetDependency section */

/* Begin PBXVariantGroup section */
		60871CCE1F441044000B087E /* Main.storyboard */ = {
			isa = PBXVariantGroup;
			children = (
				60871CCF1F441044000B087E /* Base */,
			);
			name = Main.storyboard;
			sourceTree = "<group>";
		};
		60871CD31F441044000B087E /* LaunchScreen.storyboard */ = {
			isa = PBXVariantGroup;
			children = (
				60871CD41F441044000B087E /* Base */,
			);
			name = LaunchScreen.storyboard;
			sourceTree = "<group>";
		};
/* End PBXVariantGroup section */

/* Begin XCBuildConfiguration section */
		60871CED1F441045000B087E /* Debug */ = {
			isa = XCBuildConfiguration;
			buildSettings = {
				ALWAYS_SEARCH_USER_PATHS = NO;
				CLANG_ANALYZER_NONNULL = YES;
				CLANG_CXX_LANGUAGE_STANDARD = "gnu++0x";
				CLANG_CXX_LIBRARY = "libc++";
				CLANG_ENABLE_MODULES = YES;
				CLANG_ENABLE_OBJC_ARC = YES;
				CLANG_WARN_BOOL_CONVERSION = YES;
				CLANG_WARN_CONSTANT_CONVERSION = YES;
				CLANG_WARN_DIRECT_OBJC_ISA_USAGE = YES_ERROR;
				CLANG_WARN_DOCUMENTATION_COMMENTS = YES;
				CLANG_WARN_EMPTY_BODY = YES;
				CLANG_WARN_ENUM_CONVERSION = YES;
				CLANG_WARN_INFINITE_RECURSION = YES;
				CLANG_WARN_INT_CONVERSION = YES;
				CLANG_WARN_OBJC_ROOT_CLASS = YES_ERROR;
				CLANG_WARN_SUSPICIOUS_MOVE = YES;
				CLANG_WARN_UNREACHABLE_CODE = YES;
				CLANG_WARN__DUPLICATE_METHOD_MATCH = YES;
				"CODE_SIGN_IDENTITY[sdk=iphoneos*]" = "iPhone Developer";
				COPY_PHASE_STRIP = NO;
				DEBUG_INFORMATION_FORMAT = dwarf;
				ENABLE_STRICT_OBJC_MSGSEND = YES;
				ENABLE_TESTABILITY = YES;
				GCC_C_LANGUAGE_STANDARD = gnu99;
				GCC_DYNAMIC_NO_PIC = NO;
				GCC_NO_COMMON_BLOCKS = YES;
				GCC_OPTIMIZATION_LEVEL = 0;
				GCC_PREPROCESSOR_DEFINITIONS = (
					"DEBUG=1",
					"$(inherited)",
				);
				GCC_WARN_64_TO_32_BIT_CONVERSION = YES;
				GCC_WARN_ABOUT_RETURN_TYPE = YES_ERROR;
				GCC_WARN_UNDECLARED_SELECTOR = YES;
				GCC_WARN_UNINITIALIZED_AUTOS = YES_AGGRESSIVE;
				GCC_WARN_UNUSED_FUNCTION = YES;
				GCC_WARN_UNUSED_VARIABLE = YES;
				IPHONEOS_DEPLOYMENT_TARGET = 10.2;
				MTL_ENABLE_DEBUG_INFO = YES;
				ONLY_ACTIVE_ARCH = YES;
				SDKROOT = iphoneos;
				SWIFT_ACTIVE_COMPILATION_CONDITIONS = DEBUG;
				SWIFT_OPTIMIZATION_LEVEL = "-Onone";
			};
			name = Debug;
		};
		60871CEE1F441045000B087E /* Release */ = {
			isa = XCBuildConfiguration;
			buildSettings = {
				ALWAYS_SEARCH_USER_PATHS = NO;
				CLANG_ANALYZER_NONNULL = YES;
				CLANG_CXX_LANGUAGE_STANDARD = "gnu++0x";
				CLANG_CXX_LIBRARY = "libc++";
				CLANG_ENABLE_MODULES = YES;
				CLANG_ENABLE_OBJC_ARC = YES;
				CLANG_WARN_BOOL_CONVERSION = YES;
				CLANG_WARN_CONSTANT_CONVERSION = YES;
				CLANG_WARN_DIRECT_OBJC_ISA_USAGE = YES_ERROR;
				CLANG_WARN_DOCUMENTATION_COMMENTS = YES;
				CLANG_WARN_EMPTY_BODY = YES;
				CLANG_WARN_ENUM_CONVERSION = YES;
				CLANG_WARN_INFINITE_RECURSION = YES;
				CLANG_WARN_INT_CONVERSION = YES;
				CLANG_WARN_OBJC_ROOT_CLASS = YES_ERROR;
				CLANG_WARN_SUSPICIOUS_MOVE = YES;
				CLANG_WARN_UNREACHABLE_CODE = YES;
				CLANG_WARN__DUPLICATE_METHOD_MATCH = YES;
				"CODE_SIGN_IDENTITY[sdk=iphoneos*]" = "iPhone Developer";
				COPY_PHASE_STRIP = NO;
				DEBUG_INFORMATION_FORMAT = "dwarf-with-dsym";
				ENABLE_NS_ASSERTIONS = NO;
				ENABLE_STRICT_OBJC_MSGSEND = YES;
				GCC_C_LANGUAGE_STANDARD = gnu99;
				GCC_NO_COMMON_BLOCKS = YES;
				GCC_WARN_64_TO_32_BIT_CONVERSION = YES;
				GCC_WARN_ABOUT_RETURN_TYPE = YES_ERROR;
				GCC_WARN_UNDECLARED_SELECTOR = YES;
				GCC_WARN_UNINITIALIZED_AUTOS = YES_AGGRESSIVE;
				GCC_WARN_UNUSED_FUNCTION = YES;
				GCC_WARN_UNUSED_VARIABLE = YES;
				IPHONEOS_DEPLOYMENT_TARGET = 10.2;
				MTL_ENABLE_DEBUG_INFO = NO;
				SDKROOT = iphoneos;
				SWIFT_OPTIMIZATION_LEVEL = "-Owholemodule";
				VALIDATE_PRODUCT = YES;
			};
			name = Release;
		};
		60871CF01F441045000B087E /* Debug */ = {
			isa = XCBuildConfiguration;
			buildSettings = {
				ASSETCATALOG_COMPILER_APPICON_NAME = AppIcon;
				DEVELOPMENT_TEAM = 4858738LMT;
				INFOPLIST_FILE = testDeepLink/Info.plist;
				IPHONEOS_DEPLOYMENT_TARGET = 8.0;
				LD_RUNPATH_SEARCH_PATHS = "$(inherited) @executable_path/Frameworks";
				PRODUCT_BUNDLE_IDENTIFIER = com.oingbong.testDeepLink;
				PRODUCT_NAME = "$(TARGET_NAME)";
				SWIFT_VERSION = 3.0;
			};
			name = Debug;
		};
		60871CF11F441045000B087E /* Release */ = {
			isa = XCBuildConfiguration;
			buildSettings = {
				ASSETCATALOG_COMPILER_APPICON_NAME = AppIcon;
				DEVELOPMENT_TEAM = 4858738LMT;
				INFOPLIST_FILE = testDeepLink/Info.plist;
				IPHONEOS_DEPLOYMENT_TARGET = 8.0;
				LD_RUNPATH_SEARCH_PATHS = "$(inherited) @executable_path/Frameworks";
				PRODUCT_BUNDLE_IDENTIFIER = com.oingbong.testDeepLink;
				PRODUCT_NAME = "$(TARGET_NAME)";
				SWIFT_VERSION = 3.0;
			};
			name = Release;
		};
		60871CF31F441045000B087E /* Debug */ = {
			isa = XCBuildConfiguration;
			buildSettings = {
				ALWAYS_EMBED_SWIFT_STANDARD_LIBRARIES = YES;
				BUNDLE_LOADER = "$(TEST_HOST)";
				DEVELOPMENT_TEAM = 4858738LMT;
				INFOPLIST_FILE = testDeepLinkTests/Info.plist;
				LD_RUNPATH_SEARCH_PATHS = "$(inherited) @executable_path/Frameworks @loader_path/Frameworks";
				PRODUCT_BUNDLE_IDENTIFIER = com.oingbong.testDeepLinkTests;
				PRODUCT_NAME = "$(TARGET_NAME)";
				SWIFT_VERSION = 3.0;
				TEST_HOST = "$(BUILT_PRODUCTS_DIR)/testDeepLink.app/testDeepLink";
			};
			name = Debug;
		};
		60871CF41F441045000B087E /* Release */ = {
			isa = XCBuildConfiguration;
			buildSettings = {
				ALWAYS_EMBED_SWIFT_STANDARD_LIBRARIES = YES;
				BUNDLE_LOADER = "$(TEST_HOST)";
				DEVELOPMENT_TEAM = 4858738LMT;
				INFOPLIST_FILE = testDeepLinkTests/Info.plist;
				LD_RUNPATH_SEARCH_PATHS = "$(inherited) @executable_path/Frameworks @loader_path/Frameworks";
				PRODUCT_BUNDLE_IDENTIFIER = com.oingbong.testDeepLinkTests;
				PRODUCT_NAME = "$(TARGET_NAME)";
				SWIFT_VERSION = 3.0;
				TEST_HOST = "$(BUILT_PRODUCTS_DIR)/testDeepLink.app/testDeepLink";
			};
			name = Release;
		};
		60871CF61F441045000B087E /* Debug */ = {
			isa = XCBuildConfiguration;
			buildSettings = {
				ALWAYS_EMBED_SWIFT_STANDARD_LIBRARIES = YES;
				DEVELOPMENT_TEAM = 4858738LMT;
				INFOPLIST_FILE = testDeepLinkUITests/Info.plist;
				LD_RUNPATH_SEARCH_PATHS = "$(inherited) @executable_path/Frameworks @loader_path/Frameworks";
				PRODUCT_BUNDLE_IDENTIFIER = com.oingbong.testDeepLinkUITests;
				PRODUCT_NAME = "$(TARGET_NAME)";
				SWIFT_VERSION = 3.0;
				TEST_TARGET_NAME = testDeepLink;
			};
			name = Debug;
		};
		60871CF71F441045000B087E /* Release */ = {
			isa = XCBuildConfiguration;
			buildSettings = {
				ALWAYS_EMBED_SWIFT_STANDARD_LIBRARIES = YES;
				DEVELOPMENT_TEAM = 4858738LMT;
				INFOPLIST_FILE = testDeepLinkUITests/Info.plist;
				LD_RUNPATH_SEARCH_PATHS = "$(inherited) @executable_path/Frameworks @loader_path/Frameworks";
				PRODUCT_BUNDLE_IDENTIFIER = com.oingbong.testDeepLinkUITests;
				PRODUCT_NAME = "$(TARGET_NAME)";
				SWIFT_VERSION = 3.0;
				TEST_TARGET_NAME = testDeepLink;
			};
			name = Release;
		};
/* End XCBuildConfiguration section */

/* Begin XCConfigurationList section */
		60871CC21F441044000B087E /* Build configuration list for PBXProject "testDeepLink" */ = {
			isa = XCConfigurationList;
			buildConfigurations = (
				60871CED1F441045000B087E /* Debug */,
				60871CEE1F441045000B087E /* Release */,
			);
			defaultConfigurationIsVisible = 0;
			defaultConfigurationName = Release;
		};
		60871CEF1F441045000B087E /* Build configuration list for PBXNativeTarget "testDeepLink" */ = {
			isa = XCConfigurationList;
			buildConfigurations = (
				60871CF01F441045000B087E /* Debug */,
				60871CF11F441045000B087E /* Release */,
			);
			defaultConfigurationIsVisible = 0;
			defaultConfigurationName = Release;
		};
		60871CF21F441045000B087E /* Build configuration list for PBXNativeTarget "testDeepLinkTests" */ = {
			isa = XCConfigurationList;
			buildConfigurations = (
				60871CF31F441045000B087E /* Debug */,
				60871CF41F441045000B087E /* Release */,
			);
			defaultConfigurationIsVisible = 0;
			defaultConfigurationName = Release;
		};
		60871CF51F441045000B087E /* Build configuration list for PBXNativeTarget "testDeepLinkUITests" */ = {
			isa = XCConfigurationList;
			buildConfigurations = (
				60871CF61F441045000B087E /* Debug */,
				60871CF71F441045000B087E /* Release */,
			);
			defaultConfigurationIsVisible = 0;
			defaultConfigurationName = Release;
		};
/* End XCConfigurationList section */
	};
	rootObject = 60871CBF1F441044000B087E /* Project object */;
}
