// !$*UTF8*$!
{
	archiveVersion = 1;
	classes = {
	};
	objectVersion = 46;
	objects = {

/* Begin PBXBuildFile section */
		60871C8B1F3F66B1000B087E /* AppDelegate.swift in Sources */ = {isa = PBXBuildFile; fileRef = 60871C8A1F3F66B1000B087E /* AppDelegate.swift */; };
		60871C8D1F3F66B1000B087E /* ViewController.swift in Sources */ = {isa = PBXBuildFile; fileRef = 60871C8C1F3F66B1000B087E /* ViewController.swift */; };
		60871C901F3F66B1000B087E /* Main.storyboard in Resources */ = {isa = PBXBuildFile; fileRef = 60871C8E1F3F66B1000B087E /* Main.storyboard */; };
		60871C921F3F66B1000B087E /* Assets.xcassets in Resources */ = {isa = PBXBuildFile; fileRef = 60871C911F3F66B1000B087E /* Assets.xcassets */; };
		60871C951F3F66B1000B087E /* LaunchScreen.storyboard in Resources */ = {isa = PBXBuildFile; fileRef = 60871C931F3F66B1000B087E /* LaunchScreen.storyboard */; };
		60871CA01F3F66B1000B087E /* NewsReaderTests.swift in Sources */ = {isa = PBXBuildFile; fileRef = 60871C9F1F3F66B1000B087E /* NewsReaderTests.swift */; };
		60871CAB1F3F66B2000B087E /* NewsReaderUITests.swift in Sources */ = {isa = PBXBuildFile; fileRef = 60871CAA1F3F66B2000B087E /* NewsReaderUITests.swift */; };
		60871CB91F3F6E40000B087E /* ArticleCell.swift in Sources */ = {isa = PBXBuildFile; fileRef = 60871CB81F3F6E40000B087E /* ArticleCell.swift */; };
/* End PBXBuildFile section */

/* Begin PBXContainerItemProxy section */
		60871C9C1F3F66B1000B087E /* PBXContainerItemProxy */ = {
			isa = PBXContainerItemProxy;
			containerPortal = 60871C7F1F3F66B1000B087E /* Project object */;
			proxyType = 1;
			remoteGlobalIDString = 60871C861F3F66B1000B087E;
			remoteInfo = NewsReader;
		};
		60871CA71F3F66B2000B087E /* PBXContainerItemProxy */ = {
			isa = PBXContainerItemProxy;
			containerPortal = 60871C7F1F3F66B1000B087E /* Project object */;
			proxyType = 1;
			remoteGlobalIDString = 60871C861F3F66B1000B087E;
			remoteInfo = NewsReader;
		};
/* End PBXContainerItemProxy section */

/* Begin PBXFileReference section */
		60871C871F3F66B1000B087E /* NewsReader.app */ = {isa = PBXFileReference; explicitFileType = wrapper.application; includeInIndex = 0; path = NewsReader.app; sourceTree = BUILT_PRODUCTS_DIR; };
		60871C8A1F3F66B1000B087E /* AppDelegate.swift */ = {isa = PBXFileReference; lastKnownFileType = sourcecode.swift; path = AppDelegate.swift; sourceTree = "<group>"; };
		60871C8C1F3F66B1000B087E /* ViewController.swift */ = {isa = PBXFileReference; lastKnownFileType = sourcecode.swift; path = ViewController.swift; sourceTree = "<group>"; };
		60871C8F1F3F66B1000B087E /* Base */ = {isa = PBXFileReference; lastKnownFileType = file.storyboard; name = Base; path = Base.lproj/Main.storyboard; sourceTree = "<group>"; };
		60871C911F3F66B1000B087E /* Assets.xcassets */ = {isa = PBXFileReference; lastKnownFileType = folder.assetcatalog; path = Assets.xcassets; sourceTree = "<group>"; };
		60871C941F3F66B1000B087E /* Base */ = {isa = PBXFileReference; lastKnownFileType = file.storyboard; name = Base; path = Base.lproj/LaunchScreen.storyboard; sourceTree = "<group>"; };
		60871C961F3F66B1000B087E /* Info.plist */ = {isa = PBXFileReference; lastKnownFileType = text.plist.xml; path = Info.plist; sourceTree = "<group>"; };
		60871C9B1F3F66B1000B087E /* NewsReaderTests.xctest */ = {isa = PBXFileReference; explicitFileType = wrapper.cfbundle; includeInIndex = 0; path = NewsReaderTests.xctest; sourceTree = BUILT_PRODUCTS_DIR; };
		60871C9F1F3F66B1000B087E /* NewsReaderTests.swift */ = {isa = PBXFileReference; lastKnownFileType = sourcecode.swift; path = NewsReaderTests.swift; sourceTree = "<group>"; };
		60871CA11F3F66B1000B087E /* Info.plist */ = {isa = PBXFileReference; lastKnownFileType = text.plist.xml; path = Info.plist; sourceTree = "<group>"; };
		60871CA61F3F66B2000B087E /* NewsReaderUITests.xctest */ = {isa = PBXFileReference; explicitFileType = wrapper.cfbundle; includeInIndex = 0; path = NewsReaderUITests.xctest; sourceTree = BUILT_PRODUCTS_DIR; };
		60871CAA1F3F66B2000B087E /* NewsReaderUITests.swift */ = {isa = PBXFileReference; lastKnownFileType = sourcecode.swift; path = NewsReaderUITests.swift; sourceTree = "<group>"; };
		60871CAC1F3F66B2000B087E /* Info.plist */ = {isa = PBXFileReference; lastKnownFileType = text.plist.xml; path = Info.plist; sourceTree = "<group>"; };
		60871CB81F3F6E40000B087E /* ArticleCell.swift */ = {isa = PBXFileReference; fileEncoding = 4; lastKnownFileType = sourcecode.swift; path = ArticleCell.swift; sourceTree = "<group>"; };
/* End PBXFileReference section */

/* Begin PBXFrameworksBuildPhase section */
		60871C841F3F66B1000B087E /* Frameworks */ = {
			isa = PBXFrameworksBuildPhase;
			buildActionMask = 2147483647;
			files = (
			);
			runOnlyForDeploymentPostprocessing = 0;
		};
		60871C981F3F66B1000B087E /* Frameworks */ = {
			isa = PBXFrameworksBuildPhase;
			buildActionMask = 2147483647;
			files = (
			);
			runOnlyForDeploymentPostprocessing = 0;
		};
		60871CA31F3F66B2000B087E /* Frameworks */ = {
			isa = PBXFrameworksBuildPhase;
			buildActionMask = 2147483647;
			files = (
			);
			runOnlyForDeploymentPostprocessing = 0;
		};
/* End PBXFrameworksBuildPhase section */

/* Begin PBXGroup section */
		60871C7E1F3F66B1000B087E = {
			isa = PBXGroup;
			children = (
				60871C891F3F66B1000B087E /* NewsReader */,
				60871C9E1F3F66B1000B087E /* NewsReaderTests */,
				60871CA91F3F66B2000B087E /* NewsReaderUITests */,
				60871C881F3F66B1000B087E /* Products */,
			);
			sourceTree = "<group>";
		};
		60871C881F3F66B1000B087E /* Products */ = {
			isa = PBXGroup;
			children = (
				60871C871F3F66B1000B087E /* NewsReader.app */,
				60871C9B1F3F66B1000B087E /* NewsReaderTests.xctest */,
				60871CA61F3F66B2000B087E /* NewsReaderUITests.xctest */,
			);
			name = Products;
			sourceTree = "<group>";
		};
		60871C891F3F66B1000B087E /* NewsReader */ = {
			isa = PBXGroup;
			children = (
				60871C8A1F3F66B1000B087E /* AppDelegate.swift */,
				60871C8C1F3F66B1000B087E /* ViewController.swift */,
				60871C8E1F3F66B1000B087E /* Main.storyboard */,
				60871C911F3F66B1000B087E /* Assets.xcassets */,
				60871C931F3F66B1000B087E /* LaunchScreen.storyboard */,
				60871C961F3F66B1000B087E /* Info.plist */,
				60871CB81F3F6E40000B087E /* ArticleCell.swift */,
			);
			path = NewsReader;
			sourceTree = "<group>";
		};
		60871C9E1F3F66B1000B087E /* NewsReaderTests */ = {
			isa = PBXGroup;
			children = (
				60871C9F1F3F66B1000B087E /* NewsReaderTests.swift */,
				60871CA11F3F66B1000B087E /* Info.plist */,
			);
			path = NewsReaderTests;
			sourceTree = "<group>";
		};
		60871CA91F3F66B2000B087E /* NewsReaderUITests */ = {
			isa = PBXGroup;
			children = (
				60871CAA1F3F66B2000B087E /* NewsReaderUITests.swift */,
				60871CAC1F3F66B2000B087E /* Info.plist */,
			);
			path = NewsReaderUITests;
			sourceTree = "<group>";
		};
/* End PBXGroup section */

/* Begin PBXNativeTarget section */
		60871C861F3F66B1000B087E /* NewsReader */ = {
			isa = PBXNativeTarget;
			buildConfigurationList = 60871CAF1F3F66B2000B087E /* Build configuration list for PBXNativeTarget "NewsReader" */;
			buildPhases = (
				60871C831F3F66B1000B087E /* Sources */,
				60871C841F3F66B1000B087E /* Frameworks */,
				60871C851F3F66B1000B087E /* Resources */,
			);
			buildRules = (
			);
			dependencies = (
			);
			name = NewsReader;
			productName = NewsReader;
			productReference = 60871C871F3F66B1000B087E /* NewsReader.app */;
			productType = "com.apple.product-type.application";
		};
		60871C9A1F3F66B1000B087E /* NewsReaderTests */ = {
			isa = PBXNativeTarget;
			buildConfigurationList = 60871CB21F3F66B2000B087E /* Build configuration list for PBXNativeTarget "NewsReaderTests" */;
			buildPhases = (
				60871C971F3F66B1000B087E /* Sources */,
				60871C981F3F66B1000B087E /* Frameworks */,
				60871C991F3F66B1000B087E /* Resources */,
			);
			buildRules = (
			);
			dependencies = (
				60871C9D1F3F66B1000B087E /* PBXTargetDependency */,
			);
			name = NewsReaderTests;
			productName = NewsReaderTests;
			productReference = 60871C9B1F3F66B1000B087E /* NewsReaderTests.xctest */;
			productType = "com.apple.product-type.bundle.unit-test";
		};
		60871CA51F3F66B2000B087E /* NewsReaderUITests */ = {
			isa = PBXNativeTarget;
			buildConfigurationList = 60871CB51F3F66B2000B087E /* Build configuration list for PBXNativeTarget "NewsReaderUITests" */;
			buildPhases = (
				60871CA21F3F66B2000B087E /* Sources */,
				60871CA31F3F66B2000B087E /* Frameworks */,
				60871CA41F3F66B2000B087E /* Resources */,
			);
			buildRules = (
			);
			dependencies = (
				60871CA81F3F66B2000B087E /* PBXTargetDependency */,
			);
			name = NewsReaderUITests;
			productName = NewsReaderUITests;
			productReference = 60871CA61F3F66B2000B087E /* NewsReaderUITests.xctest */;
			productType = "com.apple.product-type.bundle.ui-testing";
		};
/* End PBXNativeTarget section */

/* Begin PBXProject section */
		60871C7F1F3F66B1000B087E /* Project object */ = {
			isa = PBXProject;
			attributes = {
				LastSwiftUpdateCheck = 0820;
				LastUpgradeCheck = 0820;
				ORGANIZATIONNAME = Oingbong;
				TargetAttributes = {
					60871C861F3F66B1000B087E = {
						CreatedOnToolsVersion = 8.2.1;
						DevelopmentTeam = 4858738LMT;
						ProvisioningStyle = Automatic;
					};
					60871C9A1F3F66B1000B087E = {
						CreatedOnToolsVersion = 8.2.1;
						DevelopmentTeam = 4858738LMT;
						ProvisioningStyle = Automatic;
						TestTargetID = 60871C861F3F66B1000B087E;
					};
					60871CA51F3F66B2000B087E = {
						CreatedOnToolsVersion = 8.2.1;
						DevelopmentTeam = 4858738LMT;
						ProvisioningStyle = Automatic;
						TestTargetID = 60871C861F3F66B1000B087E;
					};
				};
			};
			buildConfigurationList = 60871C821F3F66B1000B087E /* Build configuration list for PBXProject "NewsReader" */;
			compatibilityVersion = "Xcode 3.2";
			developmentRegion = English;
			hasScannedForEncodings = 0;
			knownRegions = (
				en,
				Base,
			);
			mainGroup = 60871C7E1F3F66B1000B087E;
			productRefGroup = 60871C881F3F66B1000B087E /* Products */;
			projectDirPath = "";
			projectRoot = "";
			targets = (
				60871C861F3F66B1000B087E /* NewsReader */,
				60871C9A1F3F66B1000B087E /* NewsReaderTests */,
				60871CA51F3F66B2000B087E /* NewsReaderUITests */,
			);
		};
/* End PBXProject section */

/* Begin PBXResourcesBuildPhase section */
		60871C851F3F66B1000B087E /* Resources */ = {
			isa = PBXResourcesBuildPhase;
			buildActionMask = 2147483647;
			files = (
				60871C951F3F66B1000B087E /* LaunchScreen.storyboard in Resources */,
				60871C921F3F66B1000B087E /* Assets.xcassets in Resources */,
				60871C901F3F66B1000B087E /* Main.storyboard in Resources */,
			);
			runOnlyForDeploymentPostprocessing = 0;
		};
		60871C991F3F66B1000B087E /* Resources */ = {
			isa = PBXResourcesBuildPhase;
			buildActionMask = 2147483647;
			files = (
			);
			runOnlyForDeploymentPostprocessing = 0;
		};
		60871CA41F3F66B2000B087E /* Resources */ = {
			isa = PBXResourcesBuildPhase;
			buildActionMask = 2147483647;
			files = (
			);
			runOnlyForDeploymentPostprocessing = 0;
		};
/* End PBXResourcesBuildPhase section */

/* Begin PBXSourcesBuildPhase section */
		60871C831F3F66B1000B087E /* Sources */ = {
			isa = PBXSourcesBuildPhase;
			buildActionMask = 2147483647;
			files = (
				60871C8D1F3F66B1000B087E /* ViewController.swift in Sources */,
				60871C8B1F3F66B1000B087E /* AppDelegate.swift in Sources */,
				60871CB91F3F6E40000B087E /* ArticleCell.swift in Sources */,
			);
			runOnlyForDeploymentPostprocessing = 0;
		};
		60871C971F3F66B1000B087E /* Sources */ = {
			isa = PBXSourcesBuildPhase;
			buildActionMask = 2147483647;
			files = (
				60871CA01F3F66B1000B087E /* NewsReaderTests.swift in Sources */,
			);
			runOnlyForDeploymentPostprocessing = 0;
		};
		60871CA21F3F66B2000B087E /* Sources */ = {
			isa = PBXSourcesBuildPhase;
			buildActionMask = 2147483647;
			files = (
				60871CAB1F3F66B2000B087E /* NewsReaderUITests.swift in Sources */,
			);
			runOnlyForDeploymentPostprocessing = 0;
		};
/* End PBXSourcesBuildPhase section */

/* Begin PBXTargetDependency section */
		60871C9D1F3F66B1000B087E /* PBXTargetDependency */ = {
			isa = PBXTargetDependency;
			target = 60871C861F3F66B1000B087E /* NewsReader */;
			targetProxy = 60871C9C1F3F66B1000B087E /* PBXContainerItemProxy */;
		};
		60871CA81F3F66B2000B087E /* PBXTargetDependency */ = {
			isa = PBXTargetDependency;
			target = 60871C861F3F66B1000B087E /* NewsReader */;
			targetProxy = 60871CA71F3F66B2000B087E /* PBXContainerItemProxy */;
		};
/* End PBXTargetDependency section */

/* Begin PBXVariantGroup section */
		60871C8E1F3F66B1000B087E /* Main.storyboard */ = {
			isa = PBXVariantGroup;
			children = (
				60871C8F1F3F66B1000B087E /* Base */,
			);
			name = Main.storyboard;
			sourceTree = "<group>";
		};
		60871C931F3F66B1000B087E /* LaunchScreen.storyboard */ = {
			isa = PBXVariantGroup;
			children = (
				60871C941F3F66B1000B087E /* Base */,
			);
			name = LaunchScreen.storyboard;
			sourceTree = "<group>";
		};
/* End PBXVariantGroup section */

/* Begin XCBuildConfiguration section */
		60871CAD1F3F66B2000B087E /* Debug */ = {
			isa = XCBuildConfiguration;
			buildSettings = {
				ALWAYS_SEARCH_USER_PATHS = NO;
				CLANG_ANALYZER_NONNULL = YES;
				CLANG_CXX_LANGUAGE_STANDARD = "gnu++0x";
				CLANG_CXX_LIBRARY = "libc++";
				CLANG_ENABLE_MODULES = YES;
				CLANG_ENABLE_OBJC_ARC = YES;
				CLANG_WARN_BOOL_CONVERSION = YES;
				CLANG_WARN_CONSTANT_CONVERSION = YES;
				CLANG_WARN_DIRECT_OBJC_ISA_USAGE = YES_ERROR;
				CLANG_WARN_DOCUMENTATION_COMMENTS = YES;
				CLANG_WARN_EMPTY_BODY = YES;
				CLANG_WARN_ENUM_CONVERSION = YES;
				CLANG_WARN_INFINITE_RECURSION = YES;
				CLANG_WARN_INT_CONVERSION = YES;
				CLANG_WARN_OBJC_ROOT_CLASS = YES_ERROR;
				CLANG_WARN_SUSPICIOUS_MOVE = YES;
				CLANG_WARN_UNREACHABLE_CODE = YES;
				CLANG_WARN__DUPLICATE_METHOD_MATCH = YES;
				"CODE_SIGN_IDENTITY[sdk=iphoneos*]" = "iPhone Developer";
				COPY_PHASE_STRIP = NO;
				DEBUG_INFORMATION_FORMAT = dwarf;
				ENABLE_STRICT_OBJC_MSGSEND = YES;
				ENABLE_TESTABILITY = YES;
				GCC_C_LANGUAGE_STANDARD = gnu99;
				GCC_DYNAMIC_NO_PIC = NO;
				GCC_NO_COMMON_BLOCKS = YES;
				GCC_OPTIMIZATION_LEVEL = 0;
				GCC_PREPROCESSOR_DEFINITIONS = (
					"DEBUG=1",
					"$(inherited)",
				);
				GCC_WARN_64_TO_32_BIT_CONVERSION = YES;
				GCC_WARN_ABOUT_RETURN_TYPE = YES_ERROR;
				GCC_WARN_UNDECLARED_SELECTOR = YES;
				GCC_WARN_UNINITIALIZED_AUTOS = YES_AGGRESSIVE;
				GCC_WARN_UNUSED_FUNCTION = YES;
				GCC_WARN_UNUSED_VARIABLE = YES;
				IPHONEOS_DEPLOYMENT_TARGET = 10.2;
				MTL_ENABLE_DEBUG_INFO = YES;
				ONLY_ACTIVE_ARCH = YES;
				SDKROOT = iphoneos;
				SWIFT_ACTIVE_COMPILATION_CONDITIONS = DEBUG;
				SWIFT_OPTIMIZATION_LEVEL = "-Onone";
			};
			name = Debug;
		};
		60871CAE1F3F66B2000B087E /* Release */ = {
			isa = XCBuildConfiguration;
			buildSettings = {
				ALWAYS_SEARCH_USER_PATHS = NO;
				CLANG_ANALYZER_NONNULL = YES;
				CLANG_CXX_LANGUAGE_STANDARD = "gnu++0x";
				CLANG_CXX_LIBRARY = "libc++";
				CLANG_ENABLE_MODULES = YES;
				CLANG_ENABLE_OBJC_ARC = YES;
				CLANG_WARN_BOOL_CONVERSION = YES;
				CLANG_WARN_CONSTANT_CONVERSION = YES;
				CLANG_WARN_DIRECT_OBJC_ISA_USAGE = YES_ERROR;
				CLANG_WARN_DOCUMENTATION_COMMENTS = YES;
				CLANG_WARN_EMPTY_BODY = YES;
				CLANG_WARN_ENUM_CONVERSION = YES;
				CLANG_WARN_INFINITE_RECURSION = YES;
				CLANG_WARN_INT_CONVERSION = YES;
				CLANG_WARN_OBJC_ROOT_CLASS = YES_ERROR;
				CLANG_WARN_SUSPICIOUS_MOVE = YES;
				CLANG_WARN_UNREACHABLE_CODE = YES;
				CLANG_WARN__DUPLICATE_METHOD_MATCH = YES;
				"CODE_SIGN_IDENTITY[sdk=iphoneos*]" = "iPhone Developer";
				COPY_PHASE_STRIP = NO;
				DEBUG_INFORMATION_FORMAT = "dwarf-with-dsym";
				ENABLE_NS_ASSERTIONS = NO;
				ENABLE_STRICT_OBJC_MSGSEND = YES;
				GCC_C_LANGUAGE_STANDARD = gnu99;
				GCC_NO_COMMON_BLOCKS = YES;
				GCC_WARN_64_TO_32_BIT_CONVERSION = YES;
				GCC_WARN_ABOUT_RETURN_TYPE = YES_ERROR;
				GCC_WARN_UNDECLARED_SELECTOR = YES;
				GCC_WARN_UNINITIALIZED_AUTOS = YES_AGGRESSIVE;
				GCC_WARN_UNUSED_FUNCTION = YES;
				GCC_WARN_UNUSED_VARIABLE = YES;
				IPHONEOS_DEPLOYMENT_TARGET = 10.2;
				MTL_ENABLE_DEBUG_INFO = NO;
				SDKROOT = iphoneos;
				SWIFT_OPTIMIZATION_LEVEL = "-Owholemodule";
				VALIDATE_PRODUCT = YES;
			};
			name = Release;
		};
		60871CB01F3F66B2000B087E /* Debug */ = {
			isa = XCBuildConfiguration;
			buildSettings = {
				ASSETCATALOG_COMPILER_APPICON_NAME = AppIcon;
				DEVELOPMENT_TEAM = 4858738LMT;
				INFOPLIST_FILE = NewsReader/Info.plist;
				LD_RUNPATH_SEARCH_PATHS = "$(inherited) @executable_path/Frameworks";
				PRODUCT_BUNDLE_IDENTIFIER = com.oingbong.NewsReader;
				PRODUCT_NAME = "$(TARGET_NAME)";
				SWIFT_VERSION = 3.0;
			};
			name = Debug;
		};
		60871CB11F3F66B2000B087E /* Release */ = {
			isa = XCBuildConfiguration;
			buildSettings = {
				ASSETCATALOG_COMPILER_APPICON_NAME = AppIcon;
				DEVELOPMENT_TEAM = 4858738LMT;
				INFOPLIST_FILE = NewsReader/Info.plist;
				LD_RUNPATH_SEARCH_PATHS = "$(inherited) @executable_path/Frameworks";
				PRODUCT_BUNDLE_IDENTIFIER = com.oingbong.NewsReader;
				PRODUCT_NAME = "$(TARGET_NAME)";
				SWIFT_VERSION = 3.0;
			};
			name = Release;
		};
		60871CB31F3F66B2000B087E /* Debug */ = {
			isa = XCBuildConfiguration;
			buildSettings = {
				ALWAYS_EMBED_SWIFT_STANDARD_LIBRARIES = YES;
				BUNDLE_LOADER = "$(TEST_HOST)";
				DEVELOPMENT_TEAM = 4858738LMT;
				INFOPLIST_FILE = NewsReaderTests/Info.plist;
				LD_RUNPATH_SEARCH_PATHS = "$(inherited) @executable_path/Frameworks @loader_path/Frameworks";
				PRODUCT_BUNDLE_IDENTIFIER = com.oingbong.NewsReaderTests;
				PRODUCT_NAME = "$(TARGET_NAME)";
				SWIFT_VERSION = 3.0;
				TEST_HOST = "$(BUILT_PRODUCTS_DIR)/NewsReader.app/NewsReader";
			};
			name = Debug;
		};
		60871CB41F3F66B2000B087E /* Release */ = {
			isa = XCBuildConfiguration;
			buildSettings = {
				ALWAYS_EMBED_SWIFT_STANDARD_LIBRARIES = YES;
				BUNDLE_LOADER = "$(TEST_HOST)";
				DEVELOPMENT_TEAM = 4858738LMT;
				INFOPLIST_FILE = NewsReaderTests/Info.plist;
				LD_RUNPATH_SEARCH_PATHS = "$(inherited) @executable_path/Frameworks @loader_path/Frameworks";
				PRODUCT_BUNDLE_IDENTIFIER = com.oingbong.NewsReaderTests;
				PRODUCT_NAME = "$(TARGET_NAME)";
				SWIFT_VERSION = 3.0;
				TEST_HOST = "$(BUILT_PRODUCTS_DIR)/NewsReader.app/NewsReader";
			};
			name = Release;
		};
		60871CB61F3F66B2000B087E /* Debug */ = {
			isa = XCBuildConfiguration;
			buildSettings = {
				ALWAYS_EMBED_SWIFT_STANDARD_LIBRARIES = YES;
				DEVELOPMENT_TEAM = 4858738LMT;
				INFOPLIST_FILE = NewsReaderUITests/Info.plist;
				LD_RUNPATH_SEARCH_PATHS = "$(inherited) @executable_path/Frameworks @loader_path/Frameworks";
				PRODUCT_BUNDLE_IDENTIFIER = com.oingbong.NewsReaderUITests;
				PRODUCT_NAME = "$(TARGET_NAME)";
				SWIFT_VERSION = 3.0;
				TEST_TARGET_NAME = NewsReader;
			};
			name = Debug;
		};
		60871CB71F3F66B2000B087E /* Release */ = {
			isa = XCBuildConfiguration;
			buildSettings = {
				ALWAYS_EMBED_SWIFT_STANDARD_LIBRARIES = YES;
				DEVELOPMENT_TEAM = 4858738LMT;
				INFOPLIST_FILE = NewsReaderUITests/Info.plist;
				LD_RUNPATH_SEARCH_PATHS = "$(inherited) @executable_path/Frameworks @loader_path/Frameworks";
				PRODUCT_BUNDLE_IDENTIFIER = com.oingbong.NewsReaderUITests;
				PRODUCT_NAME = "$(TARGET_NAME)";
				SWIFT_VERSION = 3.0;
				TEST_TARGET_NAME = NewsReader;
			};
			name = Release;
		};
/* End XCBuildConfiguration section */

/* Begin XCConfigurationList section */
		60871C821F3F66B1000B087E /* Build configuration list for PBXProject "NewsReader" */ = {
			isa = XCConfigurationList;
			buildConfigurations = (
				60871CAD1F3F66B2000B087E /* Debug */,
				60871CAE1F3F66B2000B087E /* Release */,
			);
			defaultConfigurationIsVisible = 0;
			defaultConfigurationName = Release;
		};
		60871CAF1F3F66B2000B087E /* Build configuration list for PBXNativeTarget "NewsReader" */ = {
			isa = XCConfigurationList;
			buildConfigurations = (
				60871CB01F3F66B2000B087E /* Debug */,
				60871CB11F3F66B2000B087E /* Release */,
			);
			defaultConfigurationIsVisible = 0;
		};
		60871CB21F3F66B2000B087E /* Build configuration list for PBXNativeTarget "NewsReaderTests" */ = {
			isa = XCConfigurationList;
			buildConfigurations = (
				60871CB31F3F66B2000B087E /* Debug */,
				60871CB41F3F66B2000B087E /* Release */,
			);
			defaultConfigurationIsVisible = 0;
		};
		60871CB51F3F66B2000B087E /* Build configuration list for PBXNativeTarget "NewsReaderUITests" */ = {
			isa = XCConfigurationList;
			buildConfigurations = (
				60871CB61F3F66B2000B087E /* Debug */,
				60871CB71F3F66B2000B087E /* Release */,
			);
			defaultConfigurationIsVisible = 0;
		};
/* End XCConfigurationList section */
	};
	rootObject = 60871C7F1F3F66B1000B087E /* Project object */;
}
