// !$*UTF8*$!
{
	archiveVersion = 1;
	classes = {
	};
	objectVersion = 46;
	objects = {

/* Begin PBXBuildFile section */
		6082FB9E1F26400000CEE653 /* AppDelegate.swift in Sources */ = {isa = PBXBuildFile; fileRef = 6082FB9D1F26400000CEE653 /* AppDelegate.swift */; };
		6082FBA01F26400000CEE653 /* Main.swift in Sources */ = {isa = PBXBuildFile; fileRef = 6082FB9F1F26400000CEE653 /* Main.swift */; };
		6082FBA31F26400000CEE653 /* Main.storyboard in Resources */ = {isa = PBXBuildFile; fileRef = 6082FBA11F26400000CEE653 /* Main.storyboard */; };
		6082FBA51F26400000CEE653 /* Assets.xcassets in Resources */ = {isa = PBXBuildFile; fileRef = 6082FBA41F26400000CEE653 /* Assets.xcassets */; };
		6082FBA81F26400000CEE653 /* LaunchScreen.storyboard in Resources */ = {isa = PBXBuildFile; fileRef = 6082FBA61F26400000CEE653 /* LaunchScreen.storyboard */; };
		6082FBB31F26400000CEE653 /* MemoTests.swift in Sources */ = {isa = PBXBuildFile; fileRef = 6082FBB21F26400000CEE653 /* MemoTests.swift */; };
		6082FBBE1F26400000CEE653 /* MemoUITests.swift in Sources */ = {isa = PBXBuildFile; fileRef = 6082FBBD1F26400000CEE653 /* MemoUITests.swift */; };
		6082FBCC1F26427D00CEE653 /* Record.swift in Sources */ = {isa = PBXBuildFile; fileRef = 6082FBCB1F26427D00CEE653 /* Record.swift */; };
/* End PBXBuildFile section */

/* Begin PBXContainerItemProxy section */
		6082FBAF1F26400000CEE653 /* PBXContainerItemProxy */ = {
			isa = PBXContainerItemProxy;
			containerPortal = 6082FB921F26400000CEE653 /* Project object */;
			proxyType = 1;
			remoteGlobalIDString = 6082FB991F26400000CEE653;
			remoteInfo = Memo;
		};
		6082FBBA1F26400000CEE653 /* PBXContainerItemProxy */ = {
			isa = PBXContainerItemProxy;
			containerPortal = 6082FB921F26400000CEE653 /* Project object */;
			proxyType = 1;
			remoteGlobalIDString = 6082FB991F26400000CEE653;
			remoteInfo = Memo;
		};
/* End PBXContainerItemProxy section */

/* Begin PBXFileReference section */
		6082FB9A1F26400000CEE653 /* Memo.app */ = {isa = PBXFileReference; explicitFileType = wrapper.application; includeInIndex = 0; path = Memo.app; sourceTree = BUILT_PRODUCTS_DIR; };
		6082FB9D1F26400000CEE653 /* AppDelegate.swift */ = {isa = PBXFileReference; lastKnownFileType = sourcecode.swift; path = AppDelegate.swift; sourceTree = "<group>"; };
		6082FB9F1F26400000CEE653 /* Main.swift */ = {isa = PBXFileReference; lastKnownFileType = sourcecode.swift; path = Main.swift; sourceTree = "<group>"; };
		6082FBA21F26400000CEE653 /* Base */ = {isa = PBXFileReference; lastKnownFileType = file.storyboard; name = Base; path = Base.lproj/Main.storyboard; sourceTree = "<group>"; };
		6082FBA41F26400000CEE653 /* Assets.xcassets */ = {isa = PBXFileReference; lastKnownFileType = folder.assetcatalog; path = Assets.xcassets; sourceTree = "<group>"; };
		6082FBA71F26400000CEE653 /* Base */ = {isa = PBXFileReference; lastKnownFileType = file.storyboard; name = Base; path = Base.lproj/LaunchScreen.storyboard; sourceTree = "<group>"; };
		6082FBA91F26400000CEE653 /* Info.plist */ = {isa = PBXFileReference; lastKnownFileType = text.plist.xml; path = Info.plist; sourceTree = "<group>"; };
		6082FBAE1F26400000CEE653 /* MemoTests.xctest */ = {isa = PBXFileReference; explicitFileType = wrapper.cfbundle; includeInIndex = 0; path = MemoTests.xctest; sourceTree = BUILT_PRODUCTS_DIR; };
		6082FBB21F26400000CEE653 /* MemoTests.swift */ = {isa = PBXFileReference; lastKnownFileType = sourcecode.swift; path = MemoTests.swift; sourceTree = "<group>"; };
		6082FBB41F26400000CEE653 /* Info.plist */ = {isa = PBXFileReference; lastKnownFileType = text.plist.xml; path = Info.plist; sourceTree = "<group>"; };
		6082FBB91F26400000CEE653 /* MemoUITests.xctest */ = {isa = PBXFileReference; explicitFileType = wrapper.cfbundle; includeInIndex = 0; path = MemoUITests.xctest; sourceTree = BUILT_PRODUCTS_DIR; };
		6082FBBD1F26400000CEE653 /* MemoUITests.swift */ = {isa = PBXFileReference; lastKnownFileType = sourcecode.swift; path = MemoUITests.swift; sourceTree = "<group>"; };
		6082FBBF1F26400000CEE653 /* Info.plist */ = {isa = PBXFileReference; lastKnownFileType = text.plist.xml; path = Info.plist; sourceTree = "<group>"; };
		6082FBCB1F26427D00CEE653 /* Record.swift */ = {isa = PBXFileReference; fileEncoding = 4; lastKnownFileType = sourcecode.swift; path = Record.swift; sourceTree = "<group>"; };
/* End PBXFileReference section */

/* Begin PBXFrameworksBuildPhase section */
		6082FB971F26400000CEE653 /* Frameworks */ = {
			isa = PBXFrameworksBuildPhase;
			buildActionMask = 2147483647;
			files = (
			);
			runOnlyForDeploymentPostprocessing = 0;
		};
		6082FBAB1F26400000CEE653 /* Frameworks */ = {
			isa = PBXFrameworksBuildPhase;
			buildActionMask = 2147483647;
			files = (
			);
			runOnlyForDeploymentPostprocessing = 0;
		};
		6082FBB61F26400000CEE653 /* Frameworks */ = {
			isa = PBXFrameworksBuildPhase;
			buildActionMask = 2147483647;
			files = (
			);
			runOnlyForDeploymentPostprocessing = 0;
		};
/* End PBXFrameworksBuildPhase section */

/* Begin PBXGroup section */
		6082FB911F26400000CEE653 = {
			isa = PBXGroup;
			children = (
				6082FB9C1F26400000CEE653 /* Memo */,
				6082FBB11F26400000CEE653 /* MemoTests */,
				6082FBBC1F26400000CEE653 /* MemoUITests */,
				6082FB9B1F26400000CEE653 /* Products */,
			);
			sourceTree = "<group>";
		};
		6082FB9B1F26400000CEE653 /* Products */ = {
			isa = PBXGroup;
			children = (
				6082FB9A1F26400000CEE653 /* Memo.app */,
				6082FBAE1F26400000CEE653 /* MemoTests.xctest */,
				6082FBB91F26400000CEE653 /* MemoUITests.xctest */,
			);
			name = Products;
			sourceTree = "<group>";
		};
		6082FB9C1F26400000CEE653 /* Memo */ = {
			isa = PBXGroup;
			children = (
				6082FBA11F26400000CEE653 /* Main.storyboard */,
				6082FB9D1F26400000CEE653 /* AppDelegate.swift */,
				6082FB9F1F26400000CEE653 /* Main.swift */,
				6082FBCB1F26427D00CEE653 /* Record.swift */,
				6082FBA41F26400000CEE653 /* Assets.xcassets */,
				6082FBA61F26400000CEE653 /* LaunchScreen.storyboard */,
				6082FBA91F26400000CEE653 /* Info.plist */,
			);
			path = Memo;
			sourceTree = "<group>";
		};
		6082FBB11F26400000CEE653 /* MemoTests */ = {
			isa = PBXGroup;
			children = (
				6082FBB21F26400000CEE653 /* MemoTests.swift */,
				6082FBB41F26400000CEE653 /* Info.plist */,
			);
			path = MemoTests;
			sourceTree = "<group>";
		};
		6082FBBC1F26400000CEE653 /* MemoUITests */ = {
			isa = PBXGroup;
			children = (
				6082FBBD1F26400000CEE653 /* MemoUITests.swift */,
				6082FBBF1F26400000CEE653 /* Info.plist */,
			);
			path = MemoUITests;
			sourceTree = "<group>";
		};
/* End PBXGroup section */

/* Begin PBXNativeTarget section */
		6082FB991F26400000CEE653 /* Memo */ = {
			isa = PBXNativeTarget;
			buildConfigurationList = 6082FBC21F26400000CEE653 /* Build configuration list for PBXNativeTarget "Memo" */;
			buildPhases = (
				6082FB961F26400000CEE653 /* Sources */,
				6082FB971F26400000CEE653 /* Frameworks */,
				6082FB981F26400000CEE653 /* Resources */,
			);
			buildRules = (
			);
			dependencies = (
			);
			name = Memo;
			productName = Memo;
			productReference = 6082FB9A1F26400000CEE653 /* Memo.app */;
			productType = "com.apple.product-type.application";
		};
		6082FBAD1F26400000CEE653 /* MemoTests */ = {
			isa = PBXNativeTarget;
			buildConfigurationList = 6082FBC51F26400000CEE653 /* Build configuration list for PBXNativeTarget "MemoTests" */;
			buildPhases = (
				6082FBAA1F26400000CEE653 /* Sources */,
				6082FBAB1F26400000CEE653 /* Frameworks */,
				6082FBAC1F26400000CEE653 /* Resources */,
			);
			buildRules = (
			);
			dependencies = (
				6082FBB01F26400000CEE653 /* PBXTargetDependency */,
			);
			name = MemoTests;
			productName = MemoTests;
			productReference = 6082FBAE1F26400000CEE653 /* MemoTests.xctest */;
			productType = "com.apple.product-type.bundle.unit-test";
		};
		6082FBB81F26400000CEE653 /* MemoUITests */ = {
			isa = PBXNativeTarget;
			buildConfigurationList = 6082FBC81F26400000CEE653 /* Build configuration list for PBXNativeTarget "MemoUITests" */;
			buildPhases = (
				6082FBB51F26400000CEE653 /* Sources */,
				6082FBB61F26400000CEE653 /* Frameworks */,
				6082FBB71F26400000CEE653 /* Resources */,
			);
			buildRules = (
			);
			dependencies = (
				6082FBBB1F26400000CEE653 /* PBXTargetDependency */,
			);
			name = MemoUITests;
			productName = MemoUITests;
			productReference = 6082FBB91F26400000CEE653 /* MemoUITests.xctest */;
			productType = "com.apple.product-type.bundle.ui-testing";
		};
/* End PBXNativeTarget section */

/* Begin PBXProject section */
		6082FB921F26400000CEE653 /* Project object */ = {
			isa = PBXProject;
			attributes = {
				LastSwiftUpdateCheck = 0820;
				LastUpgradeCheck = 0820;
				ORGANIZATIONNAME = Oingbong;
				TargetAttributes = {
					6082FB991F26400000CEE653 = {
						CreatedOnToolsVersion = 8.2.1;
						DevelopmentTeam = 4858738LMT;
						ProvisioningStyle = Automatic;
					};
					6082FBAD1F26400000CEE653 = {
						CreatedOnToolsVersion = 8.2.1;
						DevelopmentTeam = 4858738LMT;
						ProvisioningStyle = Automatic;
						TestTargetID = 6082FB991F26400000CEE653;
					};
					6082FBB81F26400000CEE653 = {
						CreatedOnToolsVersion = 8.2.1;
						DevelopmentTeam = 4858738LMT;
						ProvisioningStyle = Automatic;
						TestTargetID = 6082FB991F26400000CEE653;
					};
				};
			};
			buildConfigurationList = 6082FB951F26400000CEE653 /* Build configuration list for PBXProject "Memo" */;
			compatibilityVersion = "Xcode 3.2";
			developmentRegion = English;
			hasScannedForEncodings = 0;
			knownRegions = (
				en,
				Base,
			);
			mainGroup = 6082FB911F26400000CEE653;
			productRefGroup = 6082FB9B1F26400000CEE653 /* Products */;
			projectDirPath = "";
			projectRoot = "";
			targets = (
				6082FB991F26400000CEE653 /* Memo */,
				6082FBAD1F26400000CEE653 /* MemoTests */,
				6082FBB81F26400000CEE653 /* MemoUITests */,
			);
		};
/* End PBXProject section */

/* Begin PBXResourcesBuildPhase section */
		6082FB981F26400000CEE653 /* Resources */ = {
			isa = PBXResourcesBuildPhase;
			buildActionMask = 2147483647;
			files = (
				6082FBA81F26400000CEE653 /* LaunchScreen.storyboard in Resources */,
				6082FBA51F26400000CEE653 /* Assets.xcassets in Resources */,
				6082FBA31F26400000CEE653 /* Main.storyboard in Resources */,
			);
			runOnlyForDeploymentPostprocessing = 0;
		};
		6082FBAC1F26400000CEE653 /* Resources */ = {
			isa = PBXResourcesBuildPhase;
			buildActionMask = 2147483647;
			files = (
			);
			runOnlyForDeploymentPostprocessing = 0;
		};
		6082FBB71F26400000CEE653 /* Resources */ = {
			isa = PBXResourcesBuildPhase;
			buildActionMask = 2147483647;
			files = (
			);
			runOnlyForDeploymentPostprocessing = 0;
		};
/* End PBXResourcesBuildPhase section */

/* Begin PBXSourcesBuildPhase section */
		6082FB961F26400000CEE653 /* Sources */ = {
			isa = PBXSourcesBuildPhase;
			buildActionMask = 2147483647;
			files = (
				6082FBA01F26400000CEE653 /* Main.swift in Sources */,
				6082FB9E1F26400000CEE653 /* AppDelegate.swift in Sources */,
				6082FBCC1F26427D00CEE653 /* Record.swift in Sources */,
			);
			runOnlyForDeploymentPostprocessing = 0;
		};
		6082FBAA1F26400000CEE653 /* Sources */ = {
			isa = PBXSourcesBuildPhase;
			buildActionMask = 2147483647;
			files = (
				6082FBB31F26400000CEE653 /* MemoTests.swift in Sources */,
			);
			runOnlyForDeploymentPostprocessing = 0;
		};
		6082FBB51F26400000CEE653 /* Sources */ = {
			isa = PBXSourcesBuildPhase;
			buildActionMask = 2147483647;
			files = (
				6082FBBE1F26400000CEE653 /* MemoUITests.swift in Sources */,
			);
			runOnlyForDeploymentPostprocessing = 0;
		};
/* End PBXSourcesBuildPhase section */

/* Begin PBXTargetDependency section */
		6082FBB01F26400000CEE653 /* PBXTargetDependency */ = {
			isa = PBXTargetDependency;
			target = 6082FB991F26400000CEE653 /* Memo */;
			targetProxy = 6082FBAF1F26400000CEE653 /* PBXContainerItemProxy */;
		};
		6082FBBB1F26400000CEE653 /* PBXTargetDependency */ = {
			isa = PBXTargetDependency;
			target = 6082FB991F26400000CEE653 /* Memo */;
			targetProxy = 6082FBBA1F26400000CEE653 /* PBXContainerItemProxy */;
		};
/* End PBXTargetDependency section */

/* Begin PBXVariantGroup section */
		6082FBA11F26400000CEE653 /* Main.storyboard */ = {
			isa = PBXVariantGroup;
			children = (
				6082FBA21F26400000CEE653 /* Base */,
			);
			name = Main.storyboard;
			sourceTree = "<group>";
		};
		6082FBA61F26400000CEE653 /* LaunchScreen.storyboard */ = {
			isa = PBXVariantGroup;
			children = (
				6082FBA71F26400000CEE653 /* Base */,
			);
			name = LaunchScreen.storyboard;
			sourceTree = "<group>";
		};
/* End PBXVariantGroup section */

/* Begin XCBuildConfiguration section */
		6082FBC01F26400000CEE653 /* Debug */ = {
			isa = XCBuildConfiguration;
			buildSettings = {
				ALWAYS_SEARCH_USER_PATHS = NO;
				CLANG_ANALYZER_NONNULL = YES;
				CLANG_CXX_LANGUAGE_STANDARD = "gnu++0x";
				CLANG_CXX_LIBRARY = "libc++";
				CLANG_ENABLE_MODULES = YES;
				CLANG_ENABLE_OBJC_ARC = YES;
				CLANG_WARN_BOOL_CONVERSION = YES;
				CLANG_WARN_CONSTANT_CONVERSION = YES;
				CLANG_WARN_DIRECT_OBJC_ISA_USAGE = YES_ERROR;
				CLANG_WARN_DOCUMENTATION_COMMENTS = YES;
				CLANG_WARN_EMPTY_BODY = YES;
				CLANG_WARN_ENUM_CONVERSION = YES;
				CLANG_WARN_INFINITE_RECURSION = YES;
				CLANG_WARN_INT_CONVERSION = YES;
				CLANG_WARN_OBJC_ROOT_CLASS = YES_ERROR;
				CLANG_WARN_SUSPICIOUS_MOVE = YES;
				CLANG_WARN_UNREACHABLE_CODE = YES;
				CLANG_WARN__DUPLICATE_METHOD_MATCH = YES;
				"CODE_SIGN_IDENTITY[sdk=iphoneos*]" = "iPhone Developer";
				COPY_PHASE_STRIP = NO;
				DEBUG_INFORMATION_FORMAT = dwarf;
				ENABLE_STRICT_OBJC_MSGSEND = YES;
				ENABLE_TESTABILITY = YES;
				GCC_C_LANGUAGE_STANDARD = gnu99;
				GCC_DYNAMIC_NO_PIC = NO;
				GCC_NO_COMMON_BLOCKS = YES;
				GCC_OPTIMIZATION_LEVEL = 0;
				GCC_PREPROCESSOR_DEFINITIONS = (
					"DEBUG=1",
					"$(inherited)",
				);
				GCC_WARN_64_TO_32_BIT_CONVERSION = YES;
				GCC_WARN_ABOUT_RETURN_TYPE = YES_ERROR;
				GCC_WARN_UNDECLARED_SELECTOR = YES;
				GCC_WARN_UNINITIALIZED_AUTOS = YES_AGGRESSIVE;
				GCC_WARN_UNUSED_FUNCTION = YES;
				GCC_WARN_UNUSED_VARIABLE = YES;
				IPHONEOS_DEPLOYMENT_TARGET = 10.2;
				MTL_ENABLE_DEBUG_INFO = YES;
				ONLY_ACTIVE_ARCH = YES;
				SDKROOT = iphoneos;
				SWIFT_ACTIVE_COMPILATION_CONDITIONS = DEBUG;
				SWIFT_OPTIMIZATION_LEVEL = "-Onone";
			};
			name = Debug;
		};
		6082FBC11F26400000CEE653 /* Release */ = {
			isa = XCBuildConfiguration;
			buildSettings = {
				ALWAYS_SEARCH_USER_PATHS = NO;
				CLANG_ANALYZER_NONNULL = YES;
				CLANG_CXX_LANGUAGE_STANDARD = "gnu++0x";
				CLANG_CXX_LIBRARY = "libc++";
				CLANG_ENABLE_MODULES = YES;
				CLANG_ENABLE_OBJC_ARC = YES;
				CLANG_WARN_BOOL_CONVERSION = YES;
				CLANG_WARN_CONSTANT_CONVERSION = YES;
				CLANG_WARN_DIRECT_OBJC_ISA_USAGE = YES_ERROR;
				CLANG_WARN_DOCUMENTATION_COMMENTS = YES;
				CLANG_WARN_EMPTY_BODY = YES;
				CLANG_WARN_ENUM_CONVERSION = YES;
				CLANG_WARN_INFINITE_RECURSION = YES;
				CLANG_WARN_INT_CONVERSION = YES;
				CLANG_WARN_OBJC_ROOT_CLASS = YES_ERROR;
				CLANG_WARN_SUSPICIOUS_MOVE = YES;
				CLANG_WARN_UNREACHABLE_CODE = YES;
				CLANG_WARN__DUPLICATE_METHOD_MATCH = YES;
				"CODE_SIGN_IDENTITY[sdk=iphoneos*]" = "iPhone Developer";
				COPY_PHASE_STRIP = NO;
				DEBUG_INFORMATION_FORMAT = "dwarf-with-dsym";
				ENABLE_NS_ASSERTIONS = NO;
				ENABLE_STRICT_OBJC_MSGSEND = YES;
				GCC_C_LANGUAGE_STANDARD = gnu99;
				GCC_NO_COMMON_BLOCKS = YES;
				GCC_WARN_64_TO_32_BIT_CONVERSION = YES;
				GCC_WARN_ABOUT_RETURN_TYPE = YES_ERROR;
				GCC_WARN_UNDECLARED_SELECTOR = YES;
				GCC_WARN_UNINITIALIZED_AUTOS = YES_AGGRESSIVE;
				GCC_WARN_UNUSED_FUNCTION = YES;
				GCC_WARN_UNUSED_VARIABLE = YES;
				IPHONEOS_DEPLOYMENT_TARGET = 10.2;
				MTL_ENABLE_DEBUG_INFO = NO;
				SDKROOT = iphoneos;
				SWIFT_OPTIMIZATION_LEVEL = "-Owholemodule";
				VALIDATE_PRODUCT = YES;
			};
			name = Release;
		};
		6082FBC31F26400000CEE653 /* Debug */ = {
			isa = XCBuildConfiguration;
			buildSettings = {
				ASSETCATALOG_COMPILER_APPICON_NAME = AppIcon;
				DEVELOPMENT_TEAM = 4858738LMT;
				INFOPLIST_FILE = Memo/Info.plist;
				LD_RUNPATH_SEARCH_PATHS = "$(inherited) @executable_path/Frameworks";
				PRODUCT_BUNDLE_IDENTIFIER = com.oingbong.Memo;
				PRODUCT_NAME = "$(TARGET_NAME)";
				SWIFT_VERSION = 3.0;
			};
			name = Debug;
		};
		6082FBC41F26400000CEE653 /* Release */ = {
			isa = XCBuildConfiguration;
			buildSettings = {
				ASSETCATALOG_COMPILER_APPICON_NAME = AppIcon;
				DEVELOPMENT_TEAM = 4858738LMT;
				INFOPLIST_FILE = Memo/Info.plist;
				LD_RUNPATH_SEARCH_PATHS = "$(inherited) @executable_path/Frameworks";
				PRODUCT_BUNDLE_IDENTIFIER = com.oingbong.Memo;
				PRODUCT_NAME = "$(TARGET_NAME)";
				SWIFT_VERSION = 3.0;
			};
			name = Release;
		};
		6082FBC61F26400000CEE653 /* Debug */ = {
			isa = XCBuildConfiguration;
			buildSettings = {
				ALWAYS_EMBED_SWIFT_STANDARD_LIBRARIES = YES;
				BUNDLE_LOADER = "$(TEST_HOST)";
				DEVELOPMENT_TEAM = 4858738LMT;
				INFOPLIST_FILE = MemoTests/Info.plist;
				LD_RUNPATH_SEARCH_PATHS = "$(inherited) @executable_path/Frameworks @loader_path/Frameworks";
				PRODUCT_BUNDLE_IDENTIFIER = com.oingbong.MemoTests;
				PRODUCT_NAME = "$(TARGET_NAME)";
				SWIFT_VERSION = 3.0;
				TEST_HOST = "$(BUILT_PRODUCTS_DIR)/Memo.app/Memo";
			};
			name = Debug;
		};
		6082FBC71F26400000CEE653 /* Release */ = {
			isa = XCBuildConfiguration;
			buildSettings = {
				ALWAYS_EMBED_SWIFT_STANDARD_LIBRARIES = YES;
				BUNDLE_LOADER = "$(TEST_HOST)";
				DEVELOPMENT_TEAM = 4858738LMT;
				INFOPLIST_FILE = MemoTests/Info.plist;
				LD_RUNPATH_SEARCH_PATHS = "$(inherited) @executable_path/Frameworks @loader_path/Frameworks";
				PRODUCT_BUNDLE_IDENTIFIER = com.oingbong.MemoTests;
				PRODUCT_NAME = "$(TARGET_NAME)";
				SWIFT_VERSION = 3.0;
				TEST_HOST = "$(BUILT_PRODUCTS_DIR)/Memo.app/Memo";
			};
			name = Release;
		};
		6082FBC91F26400000CEE653 /* Debug */ = {
			isa = XCBuildConfiguration;
			buildSettings = {
				ALWAYS_EMBED_SWIFT_STANDARD_LIBRARIES = YES;
				DEVELOPMENT_TEAM = 4858738LMT;
				INFOPLIST_FILE = MemoUITests/Info.plist;
				LD_RUNPATH_SEARCH_PATHS = "$(inherited) @executable_path/Frameworks @loader_path/Frameworks";
				PRODUCT_BUNDLE_IDENTIFIER = com.oingbong.MemoUITests;
				PRODUCT_NAME = "$(TARGET_NAME)";
				SWIFT_VERSION = 3.0;
				TEST_TARGET_NAME = Memo;
			};
			name = Debug;
		};
		6082FBCA1F26400000CEE653 /* Release */ = {
			isa = XCBuildConfiguration;
			buildSettings = {
				ALWAYS_EMBED_SWIFT_STANDARD_LIBRARIES = YES;
				DEVELOPMENT_TEAM = 4858738LMT;
				INFOPLIST_FILE = MemoUITests/Info.plist;
				LD_RUNPATH_SEARCH_PATHS = "$(inherited) @executable_path/Frameworks @loader_path/Frameworks";
				PRODUCT_BUNDLE_IDENTIFIER = com.oingbong.MemoUITests;
				PRODUCT_NAME = "$(TARGET_NAME)";
				SWIFT_VERSION = 3.0;
				TEST_TARGET_NAME = Memo;
			};
			name = Release;
		};
/* End XCBuildConfiguration section */

/* Begin XCConfigurationList section */
		6082FB951F26400000CEE653 /* Build configuration list for PBXProject "Memo" */ = {
			isa = XCConfigurationList;
			buildConfigurations = (
				6082FBC01F26400000CEE653 /* Debug */,
				6082FBC11F26400000CEE653 /* Release */,
			);
			defaultConfigurationIsVisible = 0;
			defaultConfigurationName = Release;
		};
		6082FBC21F26400000CEE653 /* Build configuration list for PBXNativeTarget "Memo" */ = {
			isa = XCConfigurationList;
			buildConfigurations = (
				6082FBC31F26400000CEE653 /* Debug */,
				6082FBC41F26400000CEE653 /* Release */,
			);
			defaultConfigurationIsVisible = 0;
			defaultConfigurationName = Release;
		};
		6082FBC51F26400000CEE653 /* Build configuration list for PBXNativeTarget "MemoTests" */ = {
			isa = XCConfigurationList;
			buildConfigurations = (
				6082FBC61F26400000CEE653 /* Debug */,
				6082FBC71F26400000CEE653 /* Release */,
			);
			defaultConfigurationIsVisible = 0;
			defaultConfigurationName = Release;
		};
		6082FBC81F26400000CEE653 /* Build configuration list for PBXNativeTarget "MemoUITests" */ = {
			isa = XCConfigurationList;
			buildConfigurations = (
				6082FBC91F26400000CEE653 /* Debug */,
				6082FBCA1F26400000CEE653 /* Release */,
			);
			defaultConfigurationIsVisible = 0;
			defaultConfigurationName = Release;
		};
/* End XCConfigurationList section */
	};
	rootObject = 6082FB921F26400000CEE653 /* Project object */;
}
